// !$*UTF8*$!
{
	archiveVersion = 1;
	classes = {
	};
	objectVersion = 46;
	objects = {

/* Begin PBXBuildFile section */
		BF73D8851A0527A000305184 /* main.m in Sources */ = {isa = PBXBuildFile; fileRef = BF73D8841A0527A000305184 /* main.m */; };
		BF73D8881A0527A000305184 /* AppDelegate.m in Sources */ = {isa = PBXBuildFile; fileRef = BF73D8871A0527A000305184 /* AppDelegate.m */; };
		BF73D88B1A0527A000305184 /* ItemLocator.xcdatamodeld in Sources */ = {isa = PBXBuildFile; fileRef = BF73D8891A0527A000305184 /* ItemLocator.xcdatamodeld */; };
		BF73D8931A0527A000305184 /* Images.xcassets in Resources */ = {isa = PBXBuildFile; fileRef = BF73D8921A0527A000305184 /* Images.xcassets */; };
		BF73D8961A0527A000305184 /* LaunchScreen.xib in Resources */ = {isa = PBXBuildFile; fileRef = BF73D8941A0527A000305184 /* LaunchScreen.xib */; };
		BF73D8A21A0527A000305184 /* ItemLocatorTests.m in Sources */ = {isa = PBXBuildFile; fileRef = BF73D8A11A0527A000305184 /* ItemLocatorTests.m */; };
		BF73D8AC1A05285800305184 /* libEstimoteSDK.a in Frameworks */ = {isa = PBXBuildFile; fileRef = BF73D8AB1A05285800305184 /* libEstimoteSDK.a */; };
		BF73D8AE1A05286F00305184 /* CoreBluetooth.framework in Frameworks */ = {isa = PBXBuildFile; fileRef = BF73D8AD1A05286F00305184 /* CoreBluetooth.framework */; };
		BF73D8B01A05287C00305184 /* CoreLocation.framework in Frameworks */ = {isa = PBXBuildFile; fileRef = BF73D8AF1A05287C00305184 /* CoreLocation.framework */; };
		BF73D8B21A05288A00305184 /* SystemConfiguration.framework in Frameworks */ = {isa = PBXBuildFile; fileRef = BF73D8B11A05288A00305184 /* SystemConfiguration.framework */; };
		BF73D8B41A052EFC00305184 /* CoreGraphics.framework in Frameworks */ = {isa = PBXBuildFile; fileRef = BF73D8B31A052EFC00305184 /* CoreGraphics.framework */; };
		BF73D8B61A052F0B00305184 /* UIKit.framework in Frameworks */ = {isa = PBXBuildFile; fileRef = BF73D8B51A052F0B00305184 /* UIKit.framework */; };
		BF73D8B81A052F1900305184 /* Foundation.framework in Frameworks */ = {isa = PBXBuildFile; fileRef = BF73D8B71A052F1900305184 /* Foundation.framework */; };
		BF73D8BA1A05355700305184 /* ItemTracker.xib in Resources */ = {isa = PBXBuildFile; fileRef = BF73D8B91A05355700305184 /* ItemTracker.xib */; };
		BF73D8C71A053AAE00305184 /* Main.storyboard in Resources */ = {isa = PBXBuildFile; fileRef = BF73D8C61A053AAE00305184 /* Main.storyboard */; };
		BF73D8CA1A0576F300305184 /* ItemLocatorViewController.m in Sources */ = {isa = PBXBuildFile; fileRef = BF73D8C91A0576F300305184 /* ItemLocatorViewController.m */; };
/* End PBXBuildFile section */

/* Begin PBXContainerItemProxy section */
		BF73D89C1A0527A000305184 /* PBXContainerItemProxy */ = {
			isa = PBXContainerItemProxy;
			containerPortal = BF73D8771A0527A000305184 /* Project object */;
			proxyType = 1;
			remoteGlobalIDString = BF73D87E1A0527A000305184;
			remoteInfo = ItemLocator;
		};
/* End PBXContainerItemProxy section */

/* Begin PBXFileReference section */
		BF73D87F1A0527A000305184 /* ItemLocator.app */ = {isa = PBXFileReference; explicitFileType = wrapper.application; includeInIndex = 0; path = ItemLocator.app; sourceTree = BUILT_PRODUCTS_DIR; };
		BF73D8831A0527A000305184 /* Info.plist */ = {isa = PBXFileReference; lastKnownFileType = text.plist.xml; path = Info.plist; sourceTree = "<group>"; };
		BF73D8841A0527A000305184 /* main.m */ = {isa = PBXFileReference; lastKnownFileType = sourcecode.c.objc; path = main.m; sourceTree = "<group>"; };
		BF73D8861A0527A000305184 /* AppDelegate.h */ = {isa = PBXFileReference; lastKnownFileType = sourcecode.c.h; path = AppDelegate.h; sourceTree = "<group>"; };
		BF73D8871A0527A000305184 /* AppDelegate.m */ = {isa = PBXFileReference; lastKnownFileType = sourcecode.c.objc; path = AppDelegate.m; sourceTree = "<group>"; };
		BF73D88A1A0527A000305184 /* ItemLocator.xcdatamodel */ = {isa = PBXFileReference; lastKnownFileType = wrapper.xcdatamodel; path = ItemLocator.xcdatamodel; sourceTree = "<group>"; };
		BF73D8921A0527A000305184 /* Images.xcassets */ = {isa = PBXFileReference; lastKnownFileType = folder.assetcatalog; path = Images.xcassets; sourceTree = "<group>"; };
		BF73D8951A0527A000305184 /* Base */ = {isa = PBXFileReference; lastKnownFileType = file.xib; name = Base; path = Base.lproj/LaunchScreen.xib; sourceTree = "<group>"; };
		BF73D89B1A0527A000305184 /* ItemLocatorTests.xctest */ = {isa = PBXFileReference; explicitFileType = wrapper.cfbundle; includeInIndex = 0; path = ItemLocatorTests.xctest; sourceTree = BUILT_PRODUCTS_DIR; };
		BF73D8A01A0527A000305184 /* Info.plist */ = {isa = PBXFileReference; lastKnownFileType = text.plist.xml; path = Info.plist; sourceTree = "<group>"; };
		BF73D8A11A0527A000305184 /* ItemLocatorTests.m */ = {isa = PBXFileReference; lastKnownFileType = sourcecode.c.objc; path = ItemLocatorTests.m; sourceTree = "<group>"; };
		BF73D8AB1A05285800305184 /* libEstimoteSDK.a */ = {isa = PBXFileReference; lastKnownFileType = archive.ar; name = libEstimoteSDK.a; path = ItemLocator/EstimoteSDK/libEstimoteSDK.a; sourceTree = "<group>"; };
		BF73D8AD1A05286F00305184 /* CoreBluetooth.framework */ = {isa = PBXFileReference; lastKnownFileType = wrapper.framework; name = CoreBluetooth.framework; path = System/Library/Frameworks/CoreBluetooth.framework; sourceTree = SDKROOT; };
		BF73D8AF1A05287C00305184 /* CoreLocation.framework */ = {isa = PBXFileReference; lastKnownFileType = wrapper.framework; name = CoreLocation.framework; path = System/Library/Frameworks/CoreLocation.framework; sourceTree = SDKROOT; };
		BF73D8B11A05288A00305184 /* SystemConfiguration.framework */ = {isa = PBXFileReference; lastKnownFileType = wrapper.framework; name = SystemConfiguration.framework; path = System/Library/Frameworks/SystemConfiguration.framework; sourceTree = SDKROOT; };
		BF73D8B31A052EFC00305184 /* CoreGraphics.framework */ = {isa = PBXFileReference; lastKnownFileType = wrapper.framework; name = CoreGraphics.framework; path = System/Library/Frameworks/CoreGraphics.framework; sourceTree = SDKROOT; };
		BF73D8B51A052F0B00305184 /* UIKit.framework */ = {isa = PBXFileReference; lastKnownFileType = wrapper.framework; name = UIKit.framework; path = System/Library/Frameworks/UIKit.framework; sourceTree = SDKROOT; };
		BF73D8B71A052F1900305184 /* Foundation.framework */ = {isa = PBXFileReference; lastKnownFileType = wrapper.framework; name = Foundation.framework; path = System/Library/Frameworks/Foundation.framework; sourceTree = SDKROOT; };
		BF73D8B91A05355700305184 /* ItemTracker.xib */ = {isa = PBXFileReference; fileEncoding = 4; lastKnownFileType = file.xib; path = ItemTracker.xib; sourceTree = "<group>"; };
		BF73D8C61A053AAE00305184 /* Main.storyboard */ = {isa = PBXFileReference; fileEncoding = 4; lastKnownFileType = file.storyboard; path = Main.storyboard; sourceTree = "<group>"; };
		BF73D8C81A0576F300305184 /* ItemLocatorViewController.h */ = {isa = PBXFileReference; fileEncoding = 4; lastKnownFileType = sourcecode.c.h; path = ItemLocatorViewController.h; sourceTree = "<group>"; };
		BF73D8C91A0576F300305184 /* ItemLocatorViewController.m */ = {isa = PBXFileReference; fileEncoding = 4; lastKnownFileType = sourcecode.c.objc; path = ItemLocatorViewController.m; sourceTree = "<group>"; };
/* End PBXFileReference section */

/* Begin PBXFrameworksBuildPhase section */
		BF73D87C1A0527A000305184 /* Frameworks */ = {
			isa = PBXFrameworksBuildPhase;
			buildActionMask = 2147483647;
			files = (
				BF73D8B81A052F1900305184 /* Foundation.framework in Frameworks */,
				BF73D8B61A052F0B00305184 /* UIKit.framework in Frameworks */,
				BF73D8B41A052EFC00305184 /* CoreGraphics.framework in Frameworks */,
				BF73D8B21A05288A00305184 /* SystemConfiguration.framework in Frameworks */,
				BF73D8B01A05287C00305184 /* CoreLocation.framework in Frameworks */,
				BF73D8AE1A05286F00305184 /* CoreBluetooth.framework in Frameworks */,
				BF73D8AC1A05285800305184 /* libEstimoteSDK.a in Frameworks */,
			);
			runOnlyForDeploymentPostprocessing = 0;
		};
		BF73D8981A0527A000305184 /* Frameworks */ = {
			isa = PBXFrameworksBuildPhase;
			buildActionMask = 2147483647;
			files = (
			);
			runOnlyForDeploymentPostprocessing = 0;
		};
/* End PBXFrameworksBuildPhase section */

/* Begin PBXGroup section */
		BF73D8761A0527A000305184 = {
			isa = PBXGroup;
			children = (
				BF73D8B71A052F1900305184 /* Foundation.framework */,
				BF73D8B51A052F0B00305184 /* UIKit.framework */,
				BF73D8B31A052EFC00305184 /* CoreGraphics.framework */,
				BF73D8B11A05288A00305184 /* SystemConfiguration.framework */,
				BF73D8AF1A05287C00305184 /* CoreLocation.framework */,
				BF73D8AD1A05286F00305184 /* CoreBluetooth.framework */,
				BF73D8AB1A05285800305184 /* libEstimoteSDK.a */,
				BF73D8811A0527A000305184 /* ItemLocator */,
				BF73D89E1A0527A000305184 /* ItemLocatorTests */,
				BF73D8801A0527A000305184 /* Products */,
			);
			sourceTree = "<group>";
		};
		BF73D8801A0527A000305184 /* Products */ = {
			isa = PBXGroup;
			children = (
				BF73D87F1A0527A000305184 /* ItemLocator.app */,
				BF73D89B1A0527A000305184 /* ItemLocatorTests.xctest */,
			);
			name = Products;
			sourceTree = "<group>";
		};
		BF73D8811A0527A000305184 /* ItemLocator */ = {
			isa = PBXGroup;
			children = (
				BF73D8861A0527A000305184 /* AppDelegate.h */,
				BF73D8871A0527A000305184 /* AppDelegate.m */,
				BF73D8921A0527A000305184 /* Images.xcassets */,
				BF73D8941A0527A000305184 /* LaunchScreen.xib */,
				BF73D8891A0527A000305184 /* ItemLocator.xcdatamodeld */,
				BF73D8B91A05355700305184 /* ItemTracker.xib */,
				BF73D8C61A053AAE00305184 /* Main.storyboard */,
				BF73D8C81A0576F300305184 /* ItemLocatorViewController.h */,
				BF73D8C91A0576F300305184 /* ItemLocatorViewController.m */,
				BF73D8821A0527A000305184 /* Supporting Files */,
			);
			path = ItemLocator;
			sourceTree = "<group>";
		};
		BF73D8821A0527A000305184 /* Supporting Files */ = {
			isa = PBXGroup;
			children = (
				BF73D8831A0527A000305184 /* Info.plist */,
				BF73D8841A0527A000305184 /* main.m */,
			);
			name = "Supporting Files";
			sourceTree = "<group>";
		};
		BF73D89E1A0527A000305184 /* ItemLocatorTests */ = {
			isa = PBXGroup;
			children = (
				BF73D8A11A0527A000305184 /* ItemLocatorTests.m */,
				BF73D89F1A0527A000305184 /* Supporting Files */,
			);
			path = ItemLocatorTests;
			sourceTree = "<group>";
		};
		BF73D89F1A0527A000305184 /* Supporting Files */ = {
			isa = PBXGroup;
			children = (
				BF73D8A01A0527A000305184 /* Info.plist */,
			);
			name = "Supporting Files";
			sourceTree = "<group>";
		};
/* End PBXGroup section */

/* Begin PBXNativeTarget section */
		BF73D87E1A0527A000305184 /* ItemLocator */ = {
			isa = PBXNativeTarget;
			buildConfigurationList = BF73D8A51A0527A000305184 /* Build configuration list for PBXNativeTarget "ItemLocator" */;
			buildPhases = (
				BF73D87B1A0527A000305184 /* Sources */,
				BF73D87C1A0527A000305184 /* Frameworks */,
				BF73D87D1A0527A000305184 /* Resources */,
			);
			buildRules = (
			);
			dependencies = (
			);
			name = ItemLocator;
			productName = ItemLocator;
			productReference = BF73D87F1A0527A000305184 /* ItemLocator.app */;
			productType = "com.apple.product-type.application";
		};
		BF73D89A1A0527A000305184 /* ItemLocatorTests */ = {
			isa = PBXNativeTarget;
			buildConfigurationList = BF73D8A81A0527A000305184 /* Build configuration list for PBXNativeTarget "ItemLocatorTests" */;
			buildPhases = (
				BF73D8971A0527A000305184 /* Sources */,
				BF73D8981A0527A000305184 /* Frameworks */,
				BF73D8991A0527A000305184 /* Resources */,
			);
			buildRules = (
			);
			dependencies = (
				BF73D89D1A0527A000305184 /* PBXTargetDependency */,
			);
			name = ItemLocatorTests;
			productName = ItemLocatorTests;
			productReference = BF73D89B1A0527A000305184 /* ItemLocatorTests.xctest */;
			productType = "com.apple.product-type.bundle.unit-test";
		};
/* End PBXNativeTarget section */

/* Begin PBXProject section */
		BF73D8771A0527A000305184 /* Project object */ = {
			isa = PBXProject;
			attributes = {
				LastUpgradeCheck = 0610;
				ORGANIZATIONNAME = lhsieh;
				TargetAttributes = {
					BF73D87E1A0527A000305184 = {
						CreatedOnToolsVersion = 6.1;
					};
					BF73D89A1A0527A000305184 = {
						CreatedOnToolsVersion = 6.1;
						TestTargetID = BF73D87E1A0527A000305184;
					};
				};
			};
			buildConfigurationList = BF73D87A1A0527A000305184 /* Build configuration list for PBXProject "ItemLocator" */;
			compatibilityVersion = "Xcode 3.2";
			developmentRegion = English;
			hasScannedForEncodings = 0;
			knownRegions = (
				en,
				Base,
			);
			mainGroup = BF73D8761A0527A000305184;
			productRefGroup = BF73D8801A0527A000305184 /* Products */;
			projectDirPath = "";
			projectRoot = "";
			targets = (
				BF73D87E1A0527A000305184 /* ItemLocator */,
				BF73D89A1A0527A000305184 /* ItemLocatorTests */,
			);
		};
/* End PBXProject section */

/* Begin PBXResourcesBuildPhase section */
		BF73D87D1A0527A000305184 /* Resources */ = {
			isa = PBXResourcesBuildPhase;
			buildActionMask = 2147483647;
			files = (
				BF73D8961A0527A000305184 /* LaunchScreen.xib in Resources */,
				BF73D8931A0527A000305184 /* Images.xcassets in Resources */,
				BF73D8BA1A05355700305184 /* ItemTracker.xib in Resources */,
				BF73D8C71A053AAE00305184 /* Main.storyboard in Resources */,
			);
			runOnlyForDeploymentPostprocessing = 0;
		};
		BF73D8991A0527A000305184 /* Resources */ = {
			isa = PBXResourcesBuildPhase;
			buildActionMask = 2147483647;
			files = (
			);
			runOnlyForDeploymentPostprocessing = 0;
		};
/* End PBXResourcesBuildPhase section */

/* Begin PBXSourcesBuildPhase section */
		BF73D87B1A0527A000305184 /* Sources */ = {
			isa = PBXSourcesBuildPhase;
			buildActionMask = 2147483647;
			files = (
				BF73D8CA1A0576F300305184 /* ItemLocatorViewController.m in Sources */,
				BF73D88B1A0527A000305184 /* ItemLocator.xcdatamodeld in Sources */,
				BF73D8881A0527A000305184 /* AppDelegate.m in Sources */,
				BF73D8851A0527A000305184 /* main.m in Sources */,
			);
			runOnlyForDeploymentPostprocessing = 0;
		};
		BF73D8971A0527A000305184 /* Sources */ = {
			isa = PBXSourcesBuildPhase;
			buildActionMask = 2147483647;
			files = (
				BF73D8A21A0527A000305184 /* ItemLocatorTests.m in Sources */,
			);
			runOnlyForDeploymentPostprocessing = 0;
		};
/* End PBXSourcesBuildPhase section */

/* Begin PBXTargetDependency section */
		BF73D89D1A0527A000305184 /* PBXTargetDependency */ = {
			isa = PBXTargetDependency;
			target = BF73D87E1A0527A000305184 /* ItemLocator */;
			targetProxy = BF73D89C1A0527A000305184 /* PBXContainerItemProxy */;
		};
/* End PBXTargetDependency section */

/* Begin PBXVariantGroup section */
		BF73D8941A0527A000305184 /* LaunchScreen.xib */ = {
			isa = PBXVariantGroup;
			children = (
				BF73D8951A0527A000305184 /* Base */,
			);
			name = LaunchScreen.xib;
			sourceTree = "<group>";
		};
/* End PBXVariantGroup section */

/* Begin XCBuildConfiguration section */
		BF73D8A31A0527A000305184 /* Debug */ = {
			isa = XCBuildConfiguration;
			buildSettings = {
				ALWAYS_SEARCH_USER_PATHS = NO;
				CLANG_CXX_LANGUAGE_STANDARD = "gnu++0x";
				CLANG_CXX_LIBRARY = "libc++";
				CLANG_ENABLE_MODULES = YES;
				CLANG_ENABLE_OBJC_ARC = YES;
				CLANG_WARN_BOOL_CONVERSION = YES;
				CLANG_WARN_CONSTANT_CONVERSION = YES;
				CLANG_WARN_DIRECT_OBJC_ISA_USAGE = YES_ERROR;
				CLANG_WARN_EMPTY_BODY = YES;
				CLANG_WARN_ENUM_CONVERSION = YES;
				CLANG_WARN_INT_CONVERSION = YES;
				CLANG_WARN_OBJC_ROOT_CLASS = YES_ERROR;
				CLANG_WARN_UNREACHABLE_CODE = YES;
				CLANG_WARN__DUPLICATE_METHOD_MATCH = YES;
				"CODE_SIGN_IDENTITY[sdk=iphoneos*]" = "iPhone Developer";
				COPY_PHASE_STRIP = NO;
				ENABLE_STRICT_OBJC_MSGSEND = YES;
				GCC_C_LANGUAGE_STANDARD = gnu99;
				GCC_DYNAMIC_NO_PIC = NO;
				GCC_OPTIMIZATION_LEVEL = 0;
				GCC_PREPROCESSOR_DEFINITIONS = (
					"DEBUG=1",
					"$(inherited)",
				);
				GCC_SYMBOLS_PRIVATE_EXTERN = NO;
				GCC_WARN_64_TO_32_BIT_CONVERSION = YES;
				GCC_WARN_ABOUT_RETURN_TYPE = YES_ERROR;
				GCC_WARN_UNDECLARED_SELECTOR = YES;
				GCC_WARN_UNINITIALIZED_AUTOS = YES_AGGRESSIVE;
				GCC_WARN_UNUSED_FUNCTION = YES;
				GCC_WARN_UNUSED_VARIABLE = YES;
				IPHONEOS_DEPLOYMENT_TARGET = 8.1;
				MTL_ENABLE_DEBUG_INFO = YES;
				ONLY_ACTIVE_ARCH = YES;
				SDKROOT = iphoneos;
			};
			name = Debug;
		};
		BF73D8A41A0527A000305184 /* Release */ = {
			isa = XCBuildConfiguration;
			buildSettings = {
				ALWAYS_SEARCH_USER_PATHS = NO;
				CLANG_CXX_LANGUAGE_STANDARD = "gnu++0x";
				CLANG_CXX_LIBRARY = "libc++";
				CLANG_ENABLE_MODULES = YES;
				CLANG_ENABLE_OBJC_ARC = YES;
				CLANG_WARN_BOOL_CONVERSION = YES;
				CLANG_WARN_CONSTANT_CONVERSION = YES;
				CLANG_WARN_DIRECT_OBJC_ISA_USAGE = YES_ERROR;
				CLANG_WARN_EMPTY_BODY = YES;
				CLANG_WARN_ENUM_CONVERSION = YES;
				CLANG_WARN_INT_CONVERSION = YES;
				CLANG_WARN_OBJC_ROOT_CLASS = YES_ERROR;
				CLANG_WARN_UNREACHABLE_CODE = YES;
				CLANG_WARN__DUPLICATE_METHOD_MATCH = YES;
				"CODE_SIGN_IDENTITY[sdk=iphoneos*]" = "iPhone Developer";
				COPY_PHASE_STRIP = YES;
				ENABLE_NS_ASSERTIONS = NO;
				ENABLE_STRICT_OBJC_MSGSEND = YES;
				GCC_C_LANGUAGE_STANDARD = gnu99;
				GCC_WARN_64_TO_32_BIT_CONVERSION = YES;
				GCC_WARN_ABOUT_RETURN_TYPE = YES_ERROR;
				GCC_WARN_UNDECLARED_SELECTOR = YES;
				GCC_WARN_UNINITIALIZED_AUTOS = YES_AGGRESSIVE;
				GCC_WARN_UNUSED_FUNCTION = YES;
				GCC_WARN_UNUSED_VARIABLE = YES;
				IPHONEOS_DEPLOYMENT_TARGET = 8.1;
				MTL_ENABLE_DEBUG_INFO = NO;
				SDKROOT = iphoneos;
				VALIDATE_PRODUCT = YES;
			};
			name = Release;
		};
		BF73D8A61A0527A000305184 /* Debug */ = {
			isa = XCBuildConfiguration;
			buildSettings = {
				ASSETCATALOG_COMPILER_APPICON_NAME = AppIcon;
				HEADER_SEARCH_PATHS = "$(SRCROOT)/ItemLocator/EstimoteSDK/Headers";
				INFOPLIST_FILE = ItemLocator/Info.plist;
				LD_RUNPATH_SEARCH_PATHS = "$(inherited) @executable_path/Frameworks";
				LIBRARY_SEARCH_PATHS = (
					"$(inherited)",
					"$(PROJECT_DIR)/ItemLocator/EstimoteSDK",
				);
				PRODUCT_NAME = "$(TARGET_NAME)";
			};
			name = Debug;
		};
		BF73D8A71A0527A000305184 /* Release */ = {
			isa = XCBuildConfiguration;
			buildSettings = {
				ASSETCATALOG_COMPILER_APPICON_NAME = AppIcon;
				HEADER_SEARCH_PATHS = "$(SRCROOT)/ItemLocator/EstimoteSDK/Headers";
				INFOPLIST_FILE = ItemLocator/Info.plist;
				LD_RUNPATH_SEARCH_PATHS = "$(inherited) @executable_path/Frameworks";
				LIBRARY_SEARCH_PATHS = (
					"$(inherited)",
					"$(PROJECT_DIR)/ItemLocator/EstimoteSDK",
				);
				PRODUCT_NAME = "$(TARGET_NAME)";
			};
			name = Release;
		};
		BF73D8A91A0527A000305184 /* Debug */ = {
			isa = XCBuildConfiguration;
			buildSettings = {
				BUNDLE_LOADER = "$(TEST_HOST)";
				FRAMEWORK_SEARCH_PATHS = (
					"$(SDKROOT)/Developer/Library/Frameworks",
					"$(inherited)",
				);
				GCC_PREPROCESSOR_DEFINITIONS = (
					"DEBUG=1",
					"$(inherited)",
				);
				INFOPLIST_FILE = ItemLocatorTests/Info.plist;
				LD_RUNPATH_SEARCH_PATHS = "$(inherited) @executable_path/Frameworks @loader_path/Frameworks";
				PRODUCT_NAME = "$(TARGET_NAME)";
				TEST_HOST = "$(BUILT_PRODUCTS_DIR)/ItemLocator.app/ItemLocator";
			};
			name = Debug;
		};
		BF73D8AA1A0527A000305184 /* Release */ = {
			isa = XCBuildConfiguration;
			buildSettings = {
				BUNDLE_LOADER = "$(TEST_HOST)";
				FRAMEWORK_SEARCH_PATHS = (
					"$(SDKROOT)/Developer/Library/Frameworks",
					"$(inherited)",
				);
				INFOPLIST_FILE = ItemLocatorTests/Info.plist;
				LD_RUNPATH_SEARCH_PATHS = "$(inherited) @executable_path/Frameworks @loader_path/Frameworks";
				PRODUCT_NAME = "$(TARGET_NAME)";
				TEST_HOST = "$(BUILT_PRODUCTS_DIR)/ItemLocator.app/ItemLocator";
			};
			name = Release;
		};
/* End XCBuildConfiguration section */

/* Begin XCConfigurationList section */
		BF73D87A1A0527A000305184 /* Build configuration list for PBXProject "ItemLocator" */ = {
			isa = XCConfigurationList;
			buildConfigurations = (
				BF73D8A31A0527A000305184 /* Debug */,
				BF73D8A41A0527A000305184 /* Release */,
			);
			defaultConfigurationIsVisible = 0;
			defaultConfigurationName = Release;
		};
		BF73D8A51A0527A000305184 /* Build configuration list for PBXNativeTarget "ItemLocator" */ = {
			isa = XCConfigurationList;
			buildConfigurations = (
				BF73D8A61A0527A000305184 /* Debug */,
				BF73D8A71A0527A000305184 /* Release */,
			);
			defaultConfigurationIsVisible = 0;
		};
		BF73D8A81A0527A000305184 /* Build configuration list for PBXNativeTarget "ItemLocatorTests" */ = {
			isa = XCConfigurationList;
			buildConfigurations = (
				BF73D8A91A0527A000305184 /* Debug */,
				BF73D8AA1A0527A000305184 /* Release */,
			);
			defaultConfigurationIsVisible = 0;
		};
/* End XCConfigurationList section */

/* Begin XCVersionGroup section */
		BF73D8891A0527A000305184 /* ItemLocator.xcdatamodeld */ = {
			isa = XCVersionGroup;
			children = (
				BF73D88A1A0527A000305184 /* ItemLocator.xcdatamodel */,
			);
			currentVersion = BF73D88A1A0527A000305184 /* ItemLocator.xcdatamodel */;
			path = ItemLocator.xcdatamodeld;
			sourceTree = "<group>";
			versionGroupType = wrapper.xcdatamodel;
		};
/* End XCVersionGroup section */
	};
	rootObject = BF73D8771A0527A000305184 /* Project object */;
}
